
Microsoft Visual Studio Solution File, Format Version 12.00
# Visual Studio 15
VisualStudioVersion = 15.0.28307.329
MinimumVisualStudioVersion = 10.0.40219.1
Project("{FAE04EC0-301F-11D3-BF4B-00C04F79EFBC}") = "WindowsFormsAppTestGitHub1", "WindowsFormsAppTestGitHub1\WindowsFormsAppTestGitHub1.csproj", "{8998BE5E-8082-4F20-B00B-03AD144672CB}"
EndProject
Global
	GlobalSection(SolutionConfigurationPlatforms) = preSolution
		Debug|Any CPU = Debug|Any CPU
		Release|Any CPU = Release|Any CPU
	EndGlobalSection
	GlobalSection(ProjectConfigurationPlatforms) = postSolution
		{8998BE5E-8082-4F20-B00B-03AD144672CB}.Debug|Any CPU.ActiveCfg = Debug|Any CPU
		{8998BE5E-8082-4F20-B00B-03AD144672CB}.Debug|Any CPU.Build.0 = Debug|Any CPU
		{8998BE5E-8082-4F20-B00B-03AD144672CB}.Release|Any CPU.ActiveCfg = Release|Any CPU
		{8998BE5E-8082-4F20-B00B-03AD144672CB}.Release|Any CPU.Build.0 = Release|Any CPU
	EndGlobalSection
	GlobalSection(SolutionProperties) = preSolution
		HideSolutionNode = FALSE
	EndGlobalSection
	GlobalSection(ExtensibilityGlobals) = postSolution
		SolutionGuid = {40854CD8-BAB7-491F-91B5-A1B0CF1555F4}
	EndGlobalSection
EndGlobal
